Microsoft Visual Studio Solution File, Format Version 12.00
# Visual Studio Version 17
VisualStudioVersion = 17.5.2.0
MinimumVisualStudioVersion = 10.0.40219.1
Project("{FAE04EC0-301F-11D3-BF4B-00C04F79EFBC}") = "PlaywrightCSharpDemo", "PlaywrightCSharpDemo\PlaywrightCSharpDemo.csproj", "{530FF1F1-CA1A-1662-C3F1-1D7905EC88BF}"
EndProject
Global
	GlobalSection(SolutionConfigurationPlatforms) = preSolution
		Debug|Any CPU = Debug|Any CPU
		Release|Any CPU = Release|Any CPU
	EndGlobalSection
	GlobalSection(ProjectConfigurationPlatforms) = postSolution
		{530FF1F1-CA1A-1662-C3F1-1D7905EC88BF}.Debug|Any CPU.ActiveCfg = Debug|Any CPU
		{530FF1F1-CA1A-1662-C3F1-1D7905EC88BF}.Debug|Any CPU.Build.0 = Debug|Any CPU
		{530FF1F1-CA1A-1662-C3F1-1D7905EC88BF}.Release|Any CPU.ActiveCfg = Release|Any CPU
		{530FF1F1-CA1A-1662-C3F1-1D7905EC88BF}.Release|Any CPU.Build.0 = Release|Any CPU
	EndGlobalSection
	GlobalSection(SolutionProperties) = preSolution
		HideSolutionNode = FALSE
	EndGlobalSection
	GlobalSection(ExtensibilityGlobals) = postSolution
		SolutionGuid = {A92FD192-43AD-4DB1-845D-D170BFCE922D}
	EndGlobalSection
EndGlobal
